// !$*UTF8*$!
{
	archiveVersion = 1;
	classes = {
	};
	objectVersion = 56;
	objects = {

/* Begin PBXBuildFile section */
		48967A962BA9CD110055F6F8 /* NotificationService.swift in Sources */ = {isa = PBXBuildFile; fileRef = 48967A952BA9CD110055F6F8 /* NotificationService.swift */; };
		48967A982BA9CD1A0055F6F8 /* TransactionHistoryService.swift in Sources */ = {isa = PBXBuildFile; fileRef = 48967A972BA9CD1A0055F6F8 /* TransactionHistoryService.swift */; };
		48967A9A2BA9CE460055F6F8 /* BankOperation.swift in Sources */ = {isa = PBXBuildFile; fileRef = 48967A992BA9CE460055F6F8 /* BankOperation.swift */; };
		48BD84D22B8E6E7F007F2460 /* Double+.swift in Sources */ = {isa = PBXBuildFile; fileRef = 48BD84D12B8E6E7F007F2460 /* Double+.swift */; };
		48BD84D42B8E71E4007F2460 /* Color+.swift in Sources */ = {isa = PBXBuildFile; fileRef = 48BD84D32B8E71E4007F2460 /* Color+.swift */; };
		48D023992BA3F7CC0008B0BE /* BankAccount.swift in Sources */ = {isa = PBXBuildFile; fileRef = 48D023982BA3F7CC0008B0BE /* BankAccount.swift */; };
		48D8316F2B8E20480061D339 /* Date+.swift in Sources */ = {isa = PBXBuildFile; fileRef = 48D8316E2B8E20480061D339 /* Date+.swift */; };
		48F0A5C82B8950C0000AD05E /* AppDelegate.swift in Sources */ = {isa = PBXBuildFile; fileRef = 48F0A5C72B8950C0000AD05E /* AppDelegate.swift */; };
		48F0A5CA2B8950C0000AD05E /* SceneDelegate.swift in Sources */ = {isa = PBXBuildFile; fileRef = 48F0A5C92B8950C0000AD05E /* SceneDelegate.swift */; };
		48F0A5CC2B8950C0000AD05E /* HomeViewController.swift in Sources */ = {isa = PBXBuildFile; fileRef = 48F0A5CB2B8950C0000AD05E /* HomeViewController.swift */; };
		48F0A5D12B8950C2000AD05E /* Assets.xcassets in Resources */ = {isa = PBXBuildFile; fileRef = 48F0A5D02B8950C2000AD05E /* Assets.xcassets */; };
		48F0A5D42B8950C2000AD05E /* LaunchScreen.storyboard in Resources */ = {isa = PBXBuildFile; fileRef = 48F0A5D22B8950C2000AD05E /* LaunchScreen.storyboard */; };
		48F0A5DE2B8951CD000AD05E /* DepositViewController.swift in Sources */ = {isa = PBXBuildFile; fileRef = 48F0A5DD2B8951CD000AD05E /* DepositViewController.swift */; };
		48F0A5E02B89520F000AD05E /* WithdrawViewController.swift in Sources */ = {isa = PBXBuildFile; fileRef = 48F0A5DF2B89520F000AD05E /* WithdrawViewController.swift */; };
		48F0A5E62B895788000AD05E /* OperationView.swift in Sources */ = {isa = PBXBuildFile; fileRef = 48F0A5E52B895788000AD05E /* OperationView.swift */; };
		48F0A5E82B897CB7000AD05E /* UIViewController+.swift in Sources */ = {isa = PBXBuildFile; fileRef = 48F0A5E72B897CB7000AD05E /* UIViewController+.swift */; };
		48F0A5EA2B898085000AD05E /* UITextField+.swift in Sources */ = {isa = PBXBuildFile; fileRef = 48F0A5E92B898085000AD05E /* UITextField+.swift */; };
		48F0A5ED2B89824F000AD05E /* SBTextField.swift in Sources */ = {isa = PBXBuildFile; fileRef = 48F0A5EC2B89824F000AD05E /* SBTextField.swift */; };
		48F0A5EF2B898269000AD05E /* SBButton.swift in Sources */ = {isa = PBXBuildFile; fileRef = 48F0A5EE2B898269000AD05E /* SBButton.swift */; };
		48F0A5F12B8983C3000AD05E /* SBTitleLabel.swift in Sources */ = {isa = PBXBuildFile; fileRef = 48F0A5F02B8983C3000AD05E /* SBTitleLabel.swift */; };
/* End PBXBuildFile section */

/* Begin PBXFileReference section */
		48967A952BA9CD110055F6F8 /* NotificationService.swift */ = {isa = PBXFileReference; lastKnownFileType = sourcecode.swift; path = NotificationService.swift; sourceTree = "<group>"; };
		48967A972BA9CD1A0055F6F8 /* TransactionHistoryService.swift */ = {isa = PBXFileReference; lastKnownFileType = sourcecode.swift; path = TransactionHistoryService.swift; sourceTree = "<group>"; };
		48967A992BA9CE460055F6F8 /* BankOperation.swift */ = {isa = PBXFileReference; lastKnownFileType = sourcecode.swift; path = BankOperation.swift; sourceTree = "<group>"; };
		48BD84D12B8E6E7F007F2460 /* Double+.swift */ = {isa = PBXFileReference; lastKnownFileType = sourcecode.swift; path = "Double+.swift"; sourceTree = "<group>"; };
		48BD84D32B8E71E4007F2460 /* Color+.swift */ = {isa = PBXFileReference; lastKnownFileType = sourcecode.swift; path = "Color+.swift"; sourceTree = "<group>"; };
		48D023982BA3F7CC0008B0BE /* BankAccount.swift */ = {isa = PBXFileReference; lastKnownFileType = sourcecode.swift; path = BankAccount.swift; sourceTree = "<group>"; };
		48D8316E2B8E20480061D339 /* Date+.swift */ = {isa = PBXFileReference; lastKnownFileType = sourcecode.swift; path = "Date+.swift"; sourceTree = "<group>"; };
		48F0A5C42B8950C0000AD05E /* SwiftBank.app */ = {isa = PBXFileReference; explicitFileType = wrapper.application; includeInIndex = 0; path = SwiftBank.app; sourceTree = BUILT_PRODUCTS_DIR; };
		48F0A5C72B8950C0000AD05E /* AppDelegate.swift */ = {isa = PBXFileReference; lastKnownFileType = sourcecode.swift; path = AppDelegate.swift; sourceTree = "<group>"; };
		48F0A5C92B8950C0000AD05E /* SceneDelegate.swift */ = {isa = PBXFileReference; lastKnownFileType = sourcecode.swift; path = SceneDelegate.swift; sourceTree = "<group>"; };
		48F0A5CB2B8950C0000AD05E /* HomeViewController.swift */ = {isa = PBXFileReference; lastKnownFileType = sourcecode.swift; path = HomeViewController.swift; sourceTree = "<group>"; };
		48F0A5D02B8950C2000AD05E /* Assets.xcassets */ = {isa = PBXFileReference; lastKnownFileType = folder.assetcatalog; path = Assets.xcassets; sourceTree = "<group>"; };
		48F0A5D32B8950C2000AD05E /* Base */ = {isa = PBXFileReference; lastKnownFileType = file.storyboard; name = Base; path = Base.lproj/LaunchScreen.storyboard; sourceTree = "<group>"; };
		48F0A5D52B8950C2000AD05E /* Info.plist */ = {isa = PBXFileReference; lastKnownFileType = text.plist.xml; path = Info.plist; sourceTree = "<group>"; };
		48F0A5DD2B8951CD000AD05E /* DepositViewController.swift */ = {isa = PBXFileReference; lastKnownFileType = sourcecode.swift; path = DepositViewController.swift; sourceTree = "<group>"; };
		48F0A5DF2B89520F000AD05E /* WithdrawViewController.swift */ = {isa = PBXFileReference; lastKnownFileType = sourcecode.swift; path = WithdrawViewController.swift; sourceTree = "<group>"; };
		48F0A5E52B895788000AD05E /* OperationView.swift */ = {isa = PBXFileReference; lastKnownFileType = sourcecode.swift; path = OperationView.swift; sourceTree = "<group>"; };
		48F0A5E72B897CB7000AD05E /* UIViewController+.swift */ = {isa = PBXFileReference; lastKnownFileType = sourcecode.swift; path = "UIViewController+.swift"; sourceTree = "<group>"; };
		48F0A5E92B898085000AD05E /* UITextField+.swift */ = {isa = PBXFileReference; lastKnownFileType = sourcecode.swift; path = "UITextField+.swift"; sourceTree = "<group>"; };
		48F0A5EC2B89824F000AD05E /* SBTextField.swift */ = {isa = PBXFileReference; lastKnownFileType = sourcecode.swift; path = SBTextField.swift; sourceTree = "<group>"; };
		48F0A5EE2B898269000AD05E /* SBButton.swift */ = {isa = PBXFileReference; lastKnownFileType = sourcecode.swift; path = SBButton.swift; sourceTree = "<group>"; };
		48F0A5F02B8983C3000AD05E /* SBTitleLabel.swift */ = {isa = PBXFileReference; lastKnownFileType = sourcecode.swift; path = SBTitleLabel.swift; sourceTree = "<group>"; };
/* End PBXFileReference section */

/* Begin PBXFrameworksBuildPhase section */
		48F0A5C12B8950C0000AD05E /* Frameworks */ = {
			isa = PBXFrameworksBuildPhase;
			buildActionMask = 2147483647;
			files = (
			);
			runOnlyForDeploymentPostprocessing = 0;
		};
/* End PBXFrameworksBuildPhase section */

/* Begin PBXGroup section */
		48D023972BA3F7170008B0BE /* Services */ = {
			isa = PBXGroup;
			children = (
				48D023982BA3F7CC0008B0BE /* BankAccount.swift */,
				48967A952BA9CD110055F6F8 /* NotificationService.swift */,
				48967A972BA9CD1A0055F6F8 /* TransactionHistoryService.swift */,
				48967A992BA9CE460055F6F8 /* BankOperation.swift */,
			);
			path = Services;
			sourceTree = "<group>";
		};
		48D8316A2B8E1F3E0061D339 /* ViewControllers */ = {
			isa = PBXGroup;
			children = (
				48F0A5CB2B8950C0000AD05E /* HomeViewController.swift */,
				48F0A5DD2B8951CD000AD05E /* DepositViewController.swift */,
				48F0A5DF2B89520F000AD05E /* WithdrawViewController.swift */,
			);
			path = ViewControllers;
			sourceTree = "<group>";
		};
		48D8316B2B8E1F4C0061D339 /* Views */ = {
			isa = PBXGroup;
			children = (
				48F0A5E52B895788000AD05E /* OperationView.swift */,
			);
			path = Views;
			sourceTree = "<group>";
		};
		48D8316C2B8E1F540061D339 /* Extensions */ = {
			isa = PBXGroup;
			children = (
				48F0A5E72B897CB7000AD05E /* UIViewController+.swift */,
				48F0A5E92B898085000AD05E /* UITextField+.swift */,
				48D8316E2B8E20480061D339 /* Date+.swift */,
				48BD84D12B8E6E7F007F2460 /* Double+.swift */,
				48BD84D32B8E71E4007F2460 /* Color+.swift */,
			);
			path = Extensions;
			sourceTree = "<group>";
		};
		48F0A5BB2B8950C0000AD05E = {
			isa = PBXGroup;
			children = (
				48F0A5C62B8950C0000AD05E /* SwiftBank */,
				48F0A5C52B8950C0000AD05E /* Products */,
			);
			sourceTree = "<group>";
		};
		48F0A5C52B8950C0000AD05E /* Products */ = {
			isa = PBXGroup;
			children = (
				48F0A5C42B8950C0000AD05E /* SwiftBank.app */,
			);
			name = Products;
			sourceTree = "<group>";
		};
		48F0A5C62B8950C0000AD05E /* SwiftBank */ = {
			isa = PBXGroup;
			children = (
				48D023972BA3F7170008B0BE /* Services */,
				48D8316C2B8E1F540061D339 /* Extensions */,
				48D8316B2B8E1F4C0061D339 /* Views */,
				48D8316A2B8E1F3E0061D339 /* ViewControllers */,
				48F0A5EB2B898242000AD05E /* Components */,
				48F0A5C72B8950C0000AD05E /* AppDelegate.swift */,
				48F0A5C92B8950C0000AD05E /* SceneDelegate.swift */,
				48F0A5D02B8950C2000AD05E /* Assets.xcassets */,
				48F0A5D22B8950C2000AD05E /* LaunchScreen.storyboard */,
				48F0A5D52B8950C2000AD05E /* Info.plist */,
			);
			path = SwiftBank;
			sourceTree = "<group>";
		};
		48F0A5EB2B898242000AD05E /* Components */ = {
			isa = PBXGroup;
			children = (
				48F0A5EC2B89824F000AD05E /* SBTextField.swift */,
				48F0A5EE2B898269000AD05E /* SBButton.swift */,
				48F0A5F02B8983C3000AD05E /* SBTitleLabel.swift */,
			);
			path = Components;
			sourceTree = "<group>";
		};
/* End PBXGroup section */

/* Begin PBXNativeTarget section */
		48F0A5C32B8950C0000AD05E /* SwiftBank */ = {
			isa = PBXNativeTarget;
			buildConfigurationList = 48F0A5D82B8950C2000AD05E /* Build configuration list for PBXNativeTarget "SwiftBank" */;
			buildPhases = (
				48F0A5C02B8950C0000AD05E /* Sources */,
				48F0A5C12B8950C0000AD05E /* Frameworks */,
				48F0A5C22B8950C0000AD05E /* Resources */,
			);
			buildRules = (
			);
			dependencies = (
			);
			name = SwiftBank;
			productName = SwiftBank;
			productReference = 48F0A5C42B8950C0000AD05E /* SwiftBank.app */;
			productType = "com.apple.product-type.application";
		};
/* End PBXNativeTarget section */

/* Begin PBXProject section */
		48F0A5BC2B8950C0000AD05E /* Project object */ = {
			isa = PBXProject;
			attributes = {
				BuildIndependentTargetsInParallel = 1;
				LastSwiftUpdateCheck = 1520;
				LastUpgradeCheck = 1520;
				TargetAttributes = {
					48F0A5C32B8950C0000AD05E = {
						CreatedOnToolsVersion = 15.2;
					};
				};
			};
			buildConfigurationList = 48F0A5BF2B8950C0000AD05E /* Build configuration list for PBXProject "SwiftBank" */;
			compatibilityVersion = "Xcode 14.0";
			developmentRegion = en;
			hasScannedForEncodings = 0;
			knownRegions = (
				en,
				Base,
			);
			mainGroup = 48F0A5BB2B8950C0000AD05E;
			productRefGroup = 48F0A5C52B8950C0000AD05E /* Products */;
			projectDirPath = "";
			projectRoot = "";
			targets = (
				48F0A5C32B8950C0000AD05E /* SwiftBank */,
			);
		};
/* End PBXProject section */

/* Begin PBXResourcesBuildPhase section */
		48F0A5C22B8950C0000AD05E /* Resources */ = {
			isa = PBXResourcesBuildPhase;
			buildActionMask = 2147483647;
			files = (
				48F0A5D42B8950C2000AD05E /* LaunchScreen.storyboard in Resources */,
				48F0A5D12B8950C2000AD05E /* Assets.xcassets in Resources */,
			);
			runOnlyForDeploymentPostprocessing = 0;
		};
/* End PBXResourcesBuildPhase section */

/* Begin PBXSourcesBuildPhase section */
		48F0A5C02B8950C0000AD05E /* Sources */ = {
			isa = PBXSourcesBuildPhase;
			buildActionMask = 2147483647;
			files = (
				48F0A5F12B8983C3000AD05E /* SBTitleLabel.swift in Sources */,
				48F0A5CC2B8950C0000AD05E /* HomeViewController.swift in Sources */,
				48BD84D42B8E71E4007F2460 /* Color+.swift in Sources */,
				48F0A5E82B897CB7000AD05E /* UIViewController+.swift in Sources */,
				48F0A5EF2B898269000AD05E /* SBButton.swift in Sources */,
				48F0A5C82B8950C0000AD05E /* AppDelegate.swift in Sources */,
				48F0A5CA2B8950C0000AD05E /* SceneDelegate.swift in Sources */,
				48D023992BA3F7CC0008B0BE /* BankAccount.swift in Sources */,
				48F0A5E62B895788000AD05E /* OperationView.swift in Sources */,
				48F0A5E02B89520F000AD05E /* WithdrawViewController.swift in Sources */,
				48F0A5DE2B8951CD000AD05E /* DepositViewController.swift in Sources */,
				48D8316F2B8E20480061D339 /* Date+.swift in Sources */,
				48967A962BA9CD110055F6F8 /* NotificationService.swift in Sources */,
				48967A9A2BA9CE460055F6F8 /* BankOperation.swift in Sources */,
				48967A982BA9CD1A0055F6F8 /* TransactionHistoryService.swift in Sources */,
				48F0A5ED2B89824F000AD05E /* SBTextField.swift in Sources */,
				48BD84D22B8E6E7F007F2460 /* Double+.swift in Sources */,
				48F0A5EA2B898085000AD05E /* UITextField+.swift in Sources */,
			);
			runOnlyForDeploymentPostprocessing = 0;
		};
/* End PBXSourcesBuildPhase section */

/* Begin PBXVariantGroup section */
		48F0A5D22B8950C2000AD05E /* LaunchScreen.storyboard */ = {
			isa = PBXVariantGroup;
			children = (
				48F0A5D32B8950C2000AD05E /* Base */,
			);
			name = LaunchScreen.storyboard;
			sourceTree = "<group>";
		};
/* End PBXVariantGroup section */

/* Begin XCBuildConfiguration section */
		48F0A5D62B8950C2000AD05E /* Debug */ = {
			isa = XCBuildConfiguration;
			buildSettings = {
				ALWAYS_SEARCH_USER_PATHS = NO;
				ASSETCATALOG_COMPILER_GENERATE_SWIFT_ASSET_SYMBOL_EXTENSIONS = YES;
				CLANG_ANALYZER_NONNULL = YES;
				CLANG_ANALYZER_NUMBER_OBJECT_CONVERSION = YES_AGGRESSIVE;
				CLANG_CXX_LANGUAGE_STANDARD = "gnu++20";
				CLANG_ENABLE_MODULES = YES;
				CLANG_ENABLE_OBJC_ARC = YES;
				CLANG_ENABLE_OBJC_WEAK = YES;
				CLANG_WARN_BLOCK_CAPTURE_AUTORELEASING = YES;
				CLANG_WARN_BOOL_CONVERSION = YES;
				CLANG_WARN_COMMA = YES;
				CLANG_WARN_CONSTANT_CONVERSION = YES;
				CLANG_WARN_DEPRECATED_OBJC_IMPLEMENTATIONS = YES;
				CLANG_WARN_DIRECT_OBJC_ISA_USAGE = YES_ERROR;
				CLANG_WARN_DOCUMENTATION_COMMENTS = YES;
				CLANG_WARN_EMPTY_BODY = YES;
				CLANG_WARN_ENUM_CONVERSION = YES;
				CLANG_WARN_INFINITE_RECURSION = YES;
				CLANG_WARN_INT_CONVERSION = YES;
				CLANG_WARN_NON_LITERAL_NULL_CONVERSION = YES;
				CLANG_WARN_OBJC_IMPLICIT_RETAIN_SELF = YES;
				CLANG_WARN_OBJC_LITERAL_CONVERSION = YES;
				CLANG_WARN_OBJC_ROOT_CLASS = YES_ERROR;
				CLANG_WARN_QUOTED_INCLUDE_IN_FRAMEWORK_HEADER = YES;
				CLANG_WARN_RANGE_LOOP_ANALYSIS = YES;
				CLANG_WARN_STRICT_PROTOTYPES = YES;
				CLANG_WARN_SUSPICIOUS_MOVE = YES;
				CLANG_WARN_UNGUARDED_AVAILABILITY = YES_AGGRESSIVE;
				CLANG_WARN_UNREACHABLE_CODE = YES;
				CLANG_WARN__DUPLICATE_METHOD_MATCH = YES;
				COPY_PHASE_STRIP = NO;
				DEBUG_INFORMATION_FORMAT = dwarf;
				ENABLE_STRICT_OBJC_MSGSEND = YES;
				ENABLE_TESTABILITY = YES;
				ENABLE_USER_SCRIPT_SANDBOXING = YES;
				GCC_C_LANGUAGE_STANDARD = gnu17;
				GCC_DYNAMIC_NO_PIC = NO;
				GCC_NO_COMMON_BLOCKS = YES;
				GCC_OPTIMIZATION_LEVEL = 0;
				GCC_PREPROCESSOR_DEFINITIONS = (
					"DEBUG=1",
					"$(inherited)",
				);
				GCC_WARN_64_TO_32_BIT_CONVERSION = YES;
				GCC_WARN_ABOUT_RETURN_TYPE = YES_ERROR;
				GCC_WARN_UNDECLARED_SELECTOR = YES;
				GCC_WARN_UNINITIALIZED_AUTOS = YES_AGGRESSIVE;
				GCC_WARN_UNUSED_FUNCTION = YES;
				GCC_WARN_UNUSED_VARIABLE = YES;
				IPHONEOS_DEPLOYMENT_TARGET = 17.2;
				LOCALIZATION_PREFERS_STRING_CATALOGS = YES;
				MTL_ENABLE_DEBUG_INFO = INCLUDE_SOURCE;
				MTL_FAST_MATH = YES;
				ONLY_ACTIVE_ARCH = YES;
				SDKROOT = iphoneos;
				SWIFT_ACTIVE_COMPILATION_CONDITIONS = "DEBUG $(inherited)";
				SWIFT_OPTIMIZATION_LEVEL = "-Onone";
			};
			name = Debug;
		};
		48F0A5D72B8950C2000AD05E /* Release */ = {
			isa = XCBuildConfiguration;
			buildSettings = {
				ALWAYS_SEARCH_USER_PATHS = NO;
				ASSETCATALOG_COMPILER_GENERATE_SWIFT_ASSET_SYMBOL_EXTENSIONS = YES;
				CLANG_ANALYZER_NONNULL = YES;
				CLANG_ANALYZER_NUMBER_OBJECT_CONVERSION = YES_AGGRESSIVE;
				CLANG_CXX_LANGUAGE_STANDARD = "gnu++20";
				CLANG_ENABLE_MODULES = YES;
				CLANG_ENABLE_OBJC_ARC = YES;
				CLANG_ENABLE_OBJC_WEAK = YES;
				CLANG_WARN_BLOCK_CAPTURE_AUTORELEASING = YES;
				CLANG_WARN_BOOL_CONVERSION = YES;
				CLANG_WARN_COMMA = YES;
				CLANG_WARN_CONSTANT_CONVERSION = YES;
				CLANG_WARN_DEPRECATED_OBJC_IMPLEMENTATIONS = YES;
				CLANG_WARN_DIRECT_OBJC_ISA_USAGE = YES_ERROR;
				CLANG_WARN_DOCUMENTATION_COMMENTS = YES;
				CLANG_WARN_EMPTY_BODY = YES;
				CLANG_WARN_ENUM_CONVERSION = YES;
				CLANG_WARN_INFINITE_RECURSION = YES;
				CLANG_WARN_INT_CONVERSION = YES;
				CLANG_WARN_NON_LITERAL_NULL_CONVERSION = YES;
				CLANG_WARN_OBJC_IMPLICIT_RETAIN_SELF = YES;
				CLANG_WARN_OBJC_LITERAL_CONVERSION = YES;
				CLANG_WARN_OBJC_ROOT_CLASS = YES_ERROR;
				CLANG_WARN_QUOTED_INCLUDE_IN_FRAMEWORK_HEADER = YES;
				CLANG_WARN_RANGE_LOOP_ANALYSIS = YES;
				CLANG_WARN_STRICT_PROTOTYPES = YES;
				CLANG_WARN_SUSPICIOUS_MOVE = YES;
				CLANG_WARN_UNGUARDED_AVAILABILITY = YES_AGGRESSIVE;
				CLANG_WARN_UNREACHABLE_CODE = YES;
				CLANG_WARN__DUPLICATE_METHOD_MATCH = YES;
				COPY_PHASE_STRIP = NO;
				DEBUG_INFORMATION_FORMAT = "dwarf-with-dsym";
				ENABLE_NS_ASSERTIONS = NO;
				ENABLE_STRICT_OBJC_MSGSEND = YES;
				ENABLE_USER_SCRIPT_SANDBOXING = YES;
				GCC_C_LANGUAGE_STANDARD = gnu17;
				GCC_NO_COMMON_BLOCKS = YES;
				GCC_WARN_64_TO_32_BIT_CONVERSION = YES;
				GCC_WARN_ABOUT_RETURN_TYPE = YES_ERROR;
				GCC_WARN_UNDECLARED_SELECTOR = YES;
				GCC_WARN_UNINITIALIZED_AUTOS = YES_AGGRESSIVE;
				GCC_WARN_UNUSED_FUNCTION = YES;
				GCC_WARN_UNUSED_VARIABLE = YES;
				IPHONEOS_DEPLOYMENT_TARGET = 17.2;
				LOCALIZATION_PREFERS_STRING_CATALOGS = YES;
				MTL_ENABLE_DEBUG_INFO = NO;
				MTL_FAST_MATH = YES;
				SDKROOT = iphoneos;
				SWIFT_COMPILATION_MODE = wholemodule;
				VALIDATE_PRODUCT = YES;
			};
			name = Release;
		};
		48F0A5D92B8950C2000AD05E /* Debug */ = {
			isa = XCBuildConfiguration;
			buildSettings = {
				ASSETCATALOG_COMPILER_APPICON_NAME = AppIcon;
				ASSETCATALOG_COMPILER_GLOBAL_ACCENT_COLOR_NAME = AccentColor;
				CODE_SIGN_STYLE = Automatic;
				CURRENT_PROJECT_VERSION = 1;
				DEVELOPMENT_TEAM = 4VMTKGDC5W;
				GENERATE_INFOPLIST_FILE = YES;
				INFOPLIST_FILE = SwiftBank/Info.plist;
				INFOPLIST_KEY_UIApplicationSupportsIndirectInputEvents = YES;
				INFOPLIST_KEY_UILaunchStoryboardName = LaunchScreen;
				INFOPLIST_KEY_UISupportedInterfaceOrientations_iPad = "UIInterfaceOrientationPortrait UIInterfaceOrientationPortraitUpsideDown UIInterfaceOrientationLandscapeLeft UIInterfaceOrientationLandscapeRight";
				INFOPLIST_KEY_UISupportedInterfaceOrientations_iPhone = "UIInterfaceOrientationPortrait UIInterfaceOrientationLandscapeLeft UIInterfaceOrientationLandscapeRight";
				LD_RUNPATH_SEARCH_PATHS = (
					"$(inherited)",
					"@executable_path/Frameworks",
				);
				MARKETING_VERSION = 1.0;
				PRODUCT_BUNDLE_IDENTIFIER = com.giovannamoeller.SwiftBank;
				PRODUCT_NAME = "$(TARGET_NAME)";
				SWIFT_EMIT_LOC_STRINGS = YES;
				SWIFT_VERSION = 5.0;
				TARGETED_DEVICE_FAMILY = "1,2";
			};
			name = Debug;
		};
		48F0A5DA2B8950C2000AD05E /* Release */ = {
			isa = XCBuildConfiguration;
			buildSettings = {
				ASSETCATALOG_COMPILER_APPICON_NAME = AppIcon;
				ASSETCATALOG_COMPILER_GLOBAL_ACCENT_COLOR_NAME = AccentColor;
				CODE_SIGN_STYLE = Automatic;
				CURRENT_PROJECT_VERSION = 1;
				DEVELOPMENT_TEAM = 4VMTKGDC5W;
				GENERATE_INFOPLIST_FILE = YES;
				INFOPLIST_FILE = SwiftBank/Info.plist;
				INFOPLIST_KEY_UIApplicationSupportsIndirectInputEvents = YES;
				INFOPLIST_KEY_UILaunchStoryboardName = LaunchScreen;
				INFOPLIST_KEY_UISupportedInterfaceOrientations_iPad = "UIInterfaceOrientationPortrait UIInterfaceOrientationPortraitUpsideDown UIInterfaceOrientationLandscapeLeft UIInterfaceOrientationLandscapeRight";
				INFOPLIST_KEY_UISupportedInterfaceOrientations_iPhone = "UIInterfaceOrientationPortrait UIInterfaceOrientationLandscapeLeft UIInterfaceOrientationLandscapeRight";
				LD_RUNPATH_SEARCH_PATHS = (
					"$(inherited)",
					"@executable_path/Frameworks",
				);
				MARKETING_VERSION = 1.0;
				PRODUCT_BUNDLE_IDENTIFIER = com.giovannamoeller.SwiftBank;
				PRODUCT_NAME = "$(TARGET_NAME)";
				SWIFT_EMIT_LOC_STRINGS = YES;
				SWIFT_VERSION = 5.0;
				TARGETED_DEVICE_FAMILY = "1,2";
			};
			name = Release;
		};
/* End XCBuildConfiguration section */

/* Begin XCConfigurationList section */
		48F0A5BF2B8950C0000AD05E /* Build configuration list for PBXProject "SwiftBank" */ = {
			isa = XCConfigurationList;
			buildConfigurations = (
				48F0A5D62B8950C2000AD05E /* Debug */,
				48F0A5D72B8950C2000AD05E /* Release */,
			);
			defaultConfigurationIsVisible = 0;
			defaultConfigurationName = Release;
		};
		48F0A5D82B8950C2000AD05E /* Build configuration list for PBXNativeTarget "SwiftBank" */ = {
			isa = XCConfigurationList;
			buildConfigurations = (
				48F0A5D92B8950C2000AD05E /* Debug */,
				48F0A5DA2B8950C2000AD05E /* Release */,
			);
			defaultConfigurationIsVisible = 0;
			defaultConfigurationName = Release;
		};
/* End XCConfigurationList section */
	};
	rootObject = 48F0A5BC2B8950C0000AD05E /* Project object */;
}
